
Microsoft Visual Studio Solution File, Format Version 12.00
# Visual Studio Version 17
VisualStudioVersion = 17.9.34728.123
MinimumVisualStudioVersion = 10.0.40219.1
Project("{FAE04EC0-301F-11D3-BF4B-00C04F79EFBC}") = "WinFormArticulos", "WinForm1\WinFormArticulos.csproj", "{13DEEBC2-3110-4F97-8141-168E6598532E}"
EndProject
Global
	GlobalSection(SolutionConfigurationPlatforms) = preSolution
		Debug|Any CPU = Debug|Any CPU
		Release|Any CPU = Release|Any CPU
	EndGlobalSection
	GlobalSection(ProjectConfigurationPlatforms) = postSolution
		{13DEEBC2-3110-4F97-8141-168E6598532E}.Debug|Any CPU.ActiveCfg = Debug|Any CPU
		{13DEEBC2-3110-4F97-8141-168E6598532E}.Debug|Any CPU.Build.0 = Debug|Any CPU
		{13DEEBC2-3110-4F97-8141-168E6598532E}.Release|Any CPU.ActiveCfg = Release|Any CPU
		{13DEEBC2-3110-4F97-8141-168E6598532E}.Release|Any CPU.Build.0 = Release|Any CPU
	EndGlobalSection
	GlobalSection(SolutionProperties) = preSolution
		HideSolutionNode = FALSE
	EndGlobalSection
	GlobalSection(ExtensibilityGlobals) = postSolution
		SolutionGuid = {DF213789-26B1-4CA0-8B00-F3C33F9204A9}
	EndGlobalSection
EndGlobal
